
Microsoft Visual Studio Solution File, Format Version 12.00
# Visual Studio Version 17
VisualStudioVersion = 17.0.32112.339
MinimumVisualStudioVersion = 10.0.40219.1
Project("{FAE04EC0-301F-11D3-BF4B-00C04F79EFBC}") = "MovieApp.UI", "MovieAPP.UI\MovieApp.UI.csproj", "{16E03DF4-B9B1-43BC-B773-CC27CC127F58}"
EndProject
Project("{FAE04EC0-301F-11D3-BF4B-00C04F79EFBC}") = "MovieAPI", "MovieAPI\MovieAPI.csproj", "{9BDF8C7E-11B9-4481-894A-9F265687D90C}"
EndProject
Project("{FAE04EC0-301F-11D3-BF4B-00C04F79EFBC}") = "MovieApp.Business", "MovieAPP.Business\MovieApp.Business.csproj", "{6206223B-BABC-4E58-BFE1-8A036A285425}"
EndProject
Project("{FAE04EC0-301F-11D3-BF4B-00C04F79EFBC}") = "MovieApp.Data", "MovieAPP.Data\MovieApp.Data.csproj", "{13B4BBE7-EB03-4A37-B768-7C3D7E83D4BA}"
EndProject
Project("{FAE04EC0-301F-11D3-BF4B-00C04F79EFBC}") = "MovieApp.Entity", "MovieAPP.Entity\MovieApp.Entity.csproj", "{5E76C185-53C5-4302-B1E2-3AC596C20C27}"
EndProject
Global
	GlobalSection(SolutionConfigurationPlatforms) = preSolution
		Debug|Any CPU = Debug|Any CPU
		Release|Any CPU = Release|Any CPU
	EndGlobalSection
	GlobalSection(ProjectConfigurationPlatforms) = postSolution
		{16E03DF4-B9B1-43BC-B773-CC27CC127F58}.Debug|Any CPU.ActiveCfg = Debug|Any CPU
		{16E03DF4-B9B1-43BC-B773-CC27CC127F58}.Debug|Any CPU.Build.0 = Debug|Any CPU
		{16E03DF4-B9B1-43BC-B773-CC27CC127F58}.Release|Any CPU.ActiveCfg = Release|Any CPU
		{16E03DF4-B9B1-43BC-B773-CC27CC127F58}.Release|Any CPU.Build.0 = Release|Any CPU
		{9BDF8C7E-11B9-4481-894A-9F265687D90C}.Debug|Any CPU.ActiveCfg = Debug|Any CPU
		{9BDF8C7E-11B9-4481-894A-9F265687D90C}.Debug|Any CPU.Build.0 = Debug|Any CPU
		{9BDF8C7E-11B9-4481-894A-9F265687D90C}.Release|Any CPU.ActiveCfg = Release|Any CPU
		{9BDF8C7E-11B9-4481-894A-9F265687D90C}.Release|Any CPU.Build.0 = Release|Any CPU
		{6206223B-BABC-4E58-BFE1-8A036A285425}.Debug|Any CPU.ActiveCfg = Debug|Any CPU
		{6206223B-BABC-4E58-BFE1-8A036A285425}.Debug|Any CPU.Build.0 = Debug|Any CPU
		{6206223B-BABC-4E58-BFE1-8A036A285425}.Release|Any CPU.ActiveCfg = Release|Any CPU
		{6206223B-BABC-4E58-BFE1-8A036A285425}.Release|Any CPU.Build.0 = Release|Any CPU
		{13B4BBE7-EB03-4A37-B768-7C3D7E83D4BA}.Debug|Any CPU.ActiveCfg = Debug|Any CPU
		{13B4BBE7-EB03-4A37-B768-7C3D7E83D4BA}.Debug|Any CPU.Build.0 = Debug|Any CPU
		{13B4BBE7-EB03-4A37-B768-7C3D7E83D4BA}.Release|Any CPU.ActiveCfg = Release|Any CPU
		{13B4BBE7-EB03-4A37-B768-7C3D7E83D4BA}.Release|Any CPU.Build.0 = Release|Any CPU
		{5E76C185-53C5-4302-B1E2-3AC596C20C27}.Debug|Any CPU.ActiveCfg = Debug|Any CPU
		{5E76C185-53C5-4302-B1E2-3AC596C20C27}.Debug|Any CPU.Build.0 = Debug|Any CPU
		{5E76C185-53C5-4302-B1E2-3AC596C20C27}.Release|Any CPU.ActiveCfg = Release|Any CPU
		{5E76C185-53C5-4302-B1E2-3AC596C20C27}.Release|Any CPU.Build.0 = Release|Any CPU
	EndGlobalSection
	GlobalSection(SolutionProperties) = preSolution
		HideSolutionNode = FALSE
	EndGlobalSection
	GlobalSection(ExtensibilityGlobals) = postSolution
		SolutionGuid = {744B0F3F-E724-43E8-BC3D-00B07873D61A}
	EndGlobalSection
EndGlobal
