
Microsoft Visual Studio Solution File, Format Version 12.00
# Visual Studio Version 17
VisualStudioVersion = 17.0.32112.339
MinimumVisualStudioVersion = 10.0.40219.1
Project("{FAE04EC0-301F-11D3-BF4B-00C04F79EFBC}") = "MovieApp.UI", "MovieApp.UI\MovieApp.UI.csproj", "{D23C8BC0-A75E-4424-A876-A2BFB9984FCE}"
EndProject
Project("{FAE04EC0-301F-11D3-BF4B-00C04F79EFBC}") = "MovieAPI", "MovieAPI\MovieAPI.csproj", "{7259CA49-F640-4251-AD8B-225CF25814B1}"
EndProject
Project("{FAE04EC0-301F-11D3-BF4B-00C04F79EFBC}") = "MovieApp.Business", "MovieApp.Business\MovieApp.Business.csproj", "{6377BD83-A0DB-44A0-A4F0-9D325A9AAF94}"
EndProject
Project("{FAE04EC0-301F-11D3-BF4B-00C04F79EFBC}") = "MovieApp.Data", "MovieApp.Data\MovieApp.Data.csproj", "{E3A0790A-A4E5-4EE3-B4E6-C112D2B89DFD}"
EndProject
Project("{FAE04EC0-301F-11D3-BF4B-00C04F79EFBC}") = "MovieApp.Entity", "MovieApp.Entity\MovieApp.Entity.csproj", "{65EC9138-932D-4FEA-B7A2-48FAEBFF53EF}"
EndProject
Global
	GlobalSection(SolutionConfigurationPlatforms) = preSolution
		Debug|Any CPU = Debug|Any CPU
		Release|Any CPU = Release|Any CPU
	EndGlobalSection
	GlobalSection(ProjectConfigurationPlatforms) = postSolution
		{D23C8BC0-A75E-4424-A876-A2BFB9984FCE}.Debug|Any CPU.ActiveCfg = Debug|Any CPU
		{D23C8BC0-A75E-4424-A876-A2BFB9984FCE}.Debug|Any CPU.Build.0 = Debug|Any CPU
		{D23C8BC0-A75E-4424-A876-A2BFB9984FCE}.Release|Any CPU.ActiveCfg = Release|Any CPU
		{D23C8BC0-A75E-4424-A876-A2BFB9984FCE}.Release|Any CPU.Build.0 = Release|Any CPU
		{7259CA49-F640-4251-AD8B-225CF25814B1}.Debug|Any CPU.ActiveCfg = Debug|Any CPU
		{7259CA49-F640-4251-AD8B-225CF25814B1}.Debug|Any CPU.Build.0 = Debug|Any CPU
		{7259CA49-F640-4251-AD8B-225CF25814B1}.Release|Any CPU.ActiveCfg = Release|Any CPU
		{7259CA49-F640-4251-AD8B-225CF25814B1}.Release|Any CPU.Build.0 = Release|Any CPU
		{6377BD83-A0DB-44A0-A4F0-9D325A9AAF94}.Debug|Any CPU.ActiveCfg = Debug|Any CPU
		{6377BD83-A0DB-44A0-A4F0-9D325A9AAF94}.Debug|Any CPU.Build.0 = Debug|Any CPU
		{6377BD83-A0DB-44A0-A4F0-9D325A9AAF94}.Release|Any CPU.ActiveCfg = Release|Any CPU
		{6377BD83-A0DB-44A0-A4F0-9D325A9AAF94}.Release|Any CPU.Build.0 = Release|Any CPU
		{E3A0790A-A4E5-4EE3-B4E6-C112D2B89DFD}.Debug|Any CPU.ActiveCfg = Debug|Any CPU
		{E3A0790A-A4E5-4EE3-B4E6-C112D2B89DFD}.Debug|Any CPU.Build.0 = Debug|Any CPU
		{E3A0790A-A4E5-4EE3-B4E6-C112D2B89DFD}.Release|Any CPU.ActiveCfg = Release|Any CPU
		{E3A0790A-A4E5-4EE3-B4E6-C112D2B89DFD}.Release|Any CPU.Build.0 = Release|Any CPU
		{65EC9138-932D-4FEA-B7A2-48FAEBFF53EF}.Debug|Any CPU.ActiveCfg = Debug|Any CPU
		{65EC9138-932D-4FEA-B7A2-48FAEBFF53EF}.Debug|Any CPU.Build.0 = Debug|Any CPU
		{65EC9138-932D-4FEA-B7A2-48FAEBFF53EF}.Release|Any CPU.ActiveCfg = Release|Any CPU
		{65EC9138-932D-4FEA-B7A2-48FAEBFF53EF}.Release|Any CPU.Build.0 = Release|Any CPU
	EndGlobalSection
	GlobalSection(SolutionProperties) = preSolution
		HideSolutionNode = FALSE
	EndGlobalSection
	GlobalSection(ExtensibilityGlobals) = postSolution
		SolutionGuid = {55AA4C56-3815-49FF-8D98-2B9126446777}
	EndGlobalSection
EndGlobal
